{
  "name": "roll-credits",
  "version": "0.1.0",
  "lockfileVersion": 2,
  "requires": true,
  "packages": {
    "": {
      "name": "roll-credits",
      "version": "0.1.0",
      "license": "MIT",
      "devDependencies": {
        "@anthropic-ai/claude-code": "2.1.272",
        "prettier": "3.6.2",
        "typescript": "5.9.3"
      },
      "engines": {
        "node": ">=22"
      }
    },
    "node_modules/@anthropic-ai/claude-code": {
      "version": "2.1.272",
      "resolved": "https://registry.npmjs.org/@anthropic-ai/claude-code/-/claude-code-2.1.272.tgz",
      "integrity": "sha512-sOwHBM69H8Zka3/D3rc2VNNemPYNlgfYTdhsoqPoXZdK5KcKQlzoue4asJ2RVc+tGb/Pz1qxjVV9nVJQ87W7Ng==",
      "dev": true,
      "hasInstallScript": true,
      "bin": {
        "claude": "bin/claude.exe"
      },
      "engines": {
        "node": ">=22.0.0"
      },
      "optionalDependencies": {
        "@anthropic-ai/claude-code-darwin-arm64": "2.1.272",
        "@anthropic-ai/claude-code-darwin-x64": "2.1.272",
        "@anthropic-ai/claude-code-linux-arm64": "2.1.272",
        "@anthropic-ai/claude-code-linux-arm64-musl": "2.1.272",
        "@anthropic-ai/claude-code-linux-x64": "2.1.272",
        "@anthropic-ai/claude-code-linux-x64-musl": "2.1.272",
        "@anthropic-ai/claude-code-win32-arm64": "2.1.272",
        "@anthropic-ai/claude-code-win32-x64": "2.1.272"
      }
    },
    "node_modules/@anthropic-ai/claude-code-darwin-arm64": {
      "version": "2.1.272",
      "resolved": "https://registry.npmjs.org/@anthropic-ai/claude-code-darwin-arm64/-/claude-code-darwin-arm64-2.1.272.tgz",
      "integrity": "sha512-l3CI1gPSCGkWNbAnX66SbDF4uFBecCCLu9FLN43JSbMMds5cb6tjOTBMSTr1ydZRZALW9AC/PYabtQOgXIbK5Q==",
      "cpu": [
        "arm64"
      ],
      "dev": true,
      "optional": true,
      "os": [
        "darwin"
      ]
    },
    "node_modules/@anthropic-ai/claude-code-darwin-x64": {
      "version": "2.1.272",
      "resolved": "https://registry.npmjs.org/@anthropic-ai/claude-code-darwin-x64/-/claude-code-darwin-x64-2.1.272.tgz",
      "integrity": "sha512-ejcezmomY6iSZFd9O5ScyrHGx3iAjSn17pR0SxSzGAC2gDgMYT3dpNS2ZXzXwrfAEJE+5lIQATb8h4jW7iDZwA==",
      "cpu": [
        "x64"
      ],
      "dev": true,
      "optional": true,
      "os": [
        "darwin"
      ]
    },
    "node_modules/@anthropic-ai/claude-code-linux-arm64": {
      "version": "2.1.272",
      "resolved": "https://registry.npmjs.org/@anthropic-ai/claude-code-linux-arm64/-/claude-code-linux-arm64-2.1.272.tgz",
      "integrity": "sha512-tpUGL+bDziPYaBplXrR018NdSE191nNvQGDHv9QluLB7u4h3t4iRSVnZ8e2KVJerAkER7JeS76sdRGoMPRSIfA==",
      "cpu": [
        "arm64"
      ],
      "dev": true,
      "optional": true,
      "os": [
        "linux"
      ]
    },
    "node_modules/@anthropic-ai/claude-code-linux-arm64-musl": {
      "version": "2.1.272",
      "resolved": "https://registry.npmjs.org/@anthropic-ai/claude-code-linux-arm64-musl/-/claude-code-linux-arm64-musl-2.1.272.tgz",
      "integrity": "sha512-3SfM9knufvP00l8uzpbwSDt70Tfv+oEIG8C/YLqXmLdIlkixhQGKe9rAIpDYlThx5NI4pO52D7kh+qWozhhwDg==",
      "cpu": [
        "arm64"
      ],
      "dev": true,
      "optional": true,
      "os": [
        "linux"
      ]
    },
    "node_modules/@anthropic-ai/claude-code-linux-x64": {
      "version": "2.1.272",
      "resolved": "https://registry.npmjs.org/@anthropic-ai/claude-code-linux-x64/-/claude-code-linux-x64-2.1.272.tgz",
      "integrity": "sha512-QXxOsStovQPz5+hWTQMK7yb4YZFT2mXhu4ejF4nCXHcsbBEBq/jfLWr9SNJCdD4NjD9o4XxjJrDrrdKOM1Kw8g==",
      "cpu": [
        "x64"
      ],
      "dev": true,
      "optional": true,
      "os": [
        "linux"
      ]
    },
    "node_modules/@anthropic-ai/claude-code-linux-x64-musl": {
      "version": "2.1.272",
      "resolved": "https://registry.npmjs.org/@anthropic-ai/claude-code-linux-x64-musl/-/claude-code-linux-x64-musl-2.1.272.tgz",
      "integrity": "sha512-IeQVPCIUbD7EOk5o5FZQNJ7Om08+oDev5SlajdW3IuWMgqPhIg0etiYYMeHyuuNY0+/kpFiatxLdV7+HqPzWgw==",
      "cpu": [
        "x64"
      ],
      "dev": true,
      "optional": true,
      "os": [
        "linux"
      ]
    },
    "node_modules/@anthropic-ai/claude-code-win32-arm64": {
      "version": "2.1.272",
      "resolved": "https://registry.npmjs.org/@anthropic-ai/claude-code-win32-arm64/-/claude-code-win32-arm64-2.1.272.tgz",
      "integrity": "sha512-rA3f1OoVE3bAuzoIrNzyYilg1KXa1aRjt1N0xLL15mLap8Hz/vaLWFeendS3gxThbTWORTGU9FzXcEzhsCz4Cg==",
      "cpu": [
        "arm64"
      ],
      "dev": true,
      "optional": true,
      "os": [
        "win32"
      ]
    },
    "node_modules/@anthropic-ai/claude-code-win32-x64": {
      "version": "2.1.272",
      "resolved": "https://registry.npmjs.org/@anthropic-ai/claude-code-win32-x64/-/claude-code-win32-x64-2.1.272.tgz",
      "integrity": "sha512-vIPhBSceF/crQSrLSlozGz+n52q8MOb3aqYc20h0mwoQ+5pWBkW6oyyq0vLANDUSduT2Z33PKkru2vl/KkoWGQ==",
      "cpu": [
        "x64"
      ],
      "dev": true,
      "optional": true,
      "os": [
        "win32"
      ]
    },
    "node_modules/prettier": {
      "version": "3.6.2",
      "resolved": "https://registry.npmjs.org/prettier/-/prettier-3.6.2.tgz",
      "integrity": "sha512-I7AIg5boAr5R0FFtJ6rCfD+LFsWHp81dolrFD8S79U9tb8Az2nGrJncnMSnys+bpQJfRUzqs9hnA81OAA3hCuQ==",
      "dev": true,
      "bin": {
        "prettier": "bin/prettier.cjs"
      },
      "engines": {
        "node": ">=14"
      },
      "funding": {
        "url": "https://github.com/prettier/prettier?sponsor=1"
      }
    },
    "node_modules/typescript": {
      "version": "5.9.3",
      "resolved": "https://registry.npmjs.org/typescript/-/typescript-5.9.3.tgz",
      "integrity": "sha512-jl1vZzPDinLr9eUt3J/t7V6FgNEw9QjvBPdysz9KfQDD41fQrC2Y4vKQdiaUpFT4bXlb1RHhLpp8wtm6M5TgSw==",
      "dev": true,
      "bin": {
        "tsc": "bin/tsc",
        "tsserver": "bin/tsserver"
      },
      "engines": {
        "node": ">=14.17"
      }
    }
  },
  "dependencies": {
    "@anthropic-ai/claude-code": {
      "version": "2.1.272",
      "resolved": "https://registry.npmjs.org/@anthropic-ai/claude-code/-/claude-code-2.1.272.tgz",
      "integrity": "sha512-sOwHBM69H8Zka3/D3rc2VNNemPYNlgfYTdhsoqPoXZdK5KcKQlzoue4asJ2RVc+tGb/Pz1qxjVV9nVJQ87W7Ng==",
      "dev": true,
      "requires": {
        "@anthropic-ai/claude-code-darwin-arm64": "2.1.272",
        "@anthropic-ai/claude-code-darwin-x64": "2.1.272",
        "@anthropic-ai/claude-code-linux-arm64": "2.1.272",
        "@anthropic-ai/claude-code-linux-arm64-musl": "2.1.272",
        "@anthropic-ai/claude-code-linux-x64": "2.1.272",
        "@anthropic-ai/claude-code-linux-x64-musl": "2.1.272",
        "@anthropic-ai/claude-code-win32-arm64": "2.1.272",
        "@anthropic-ai/claude-code-win32-x64": "2.1.272"
      }
    },
    "@anthropic-ai/claude-code-darwin-arm64": {
      "version": "2.1.272",
      "resolved": "https://registry.npmjs.org/@anthropic-ai/claude-code-darwin-arm64/-/claude-code-darwin-arm64-2.1.272.tgz",
      "integrity": "sha512-l3CI1gPSCGkWNbAnX66SbDF4uFBecCCLu9FLN43JSbMMds5cb6tjOTBMSTr1ydZRZALW9AC/PYabtQOgXIbK5Q==",
      "dev": true,
      "optional": true
    },
    "@anthropic-ai/claude-code-darwin-x64": {
      "version": "2.1.272",
      "resolved": "https://registry.npmjs.org/@anthropic-ai/claude-code-darwin-x64/-/claude-code-darwin-x64-2.1.272.tgz",
      "integrity": "sha512-ejcezmomY6iSZFd9O5ScyrHGx3iAjSn17pR0SxSzGAC2gDgMYT3dpNS2ZXzXwrfAEJE+5lIQATb8h4jW7iDZwA==",
      "dev": true,
      "optional": true
    },
    "@anthropic-ai/claude-code-linux-arm64": {
      "version": "2.1.272",
      "resolved": "https://registry.npmjs.org/@anthropic-ai/claude-code-linux-arm64/-/claude-code-linux-arm64-2.1.272.tgz",
      "integrity": "sha512-tpUGL+bDziPYaBplXrR018NdSE191nNvQGDHv9QluLB7u4h3t4iRSVnZ8e2KVJerAkER7JeS76sdRGoMPRSIfA==",
      "dev": true,
      "optional": true
    },
    "@anthropic-ai/claude-code-linux-arm64-musl": {
      "version": "2.1.272",
      "resolved": "https://registry.npmjs.org/@anthropic-ai/claude-code-linux-arm64-musl/-/claude-code-linux-arm64-musl-2.1.272.tgz",
      "integrity": "sha512-3SfM9knufvP00l8uzpbwSDt70Tfv+oEIG8C/YLqXmLdIlkixhQGKe9rAIpDYlThx5NI4pO52D7kh+qWozhhwDg==",
      "dev": true,
      "optional": true
    },
    "@anthropic-ai/claude-code-linux-x64": {
      "version": "2.1.272",
      "resolved": "https://registry.npmjs.org/@anthropic-ai/claude-code-linux-x64/-/claude-code-linux-x64-2.1.272.tgz",
      "integrity": "sha512-QXxOsStovQPz5+hWTQMK7yb4YZFT2mXhu4ejF4nCXHcsbBEBq/jfLWr9SNJCdD4NjD9o4XxjJrDrrdKOM1Kw8g==",
      "dev": true,
      "optional": true
    },
    "@anthropic-ai/claude-code-linux-x64-musl": {
      "version": "2.1.272",
      "resolved": "https://registry.npmjs.org/@anthropic-ai/claude-code-linux-x64-musl/-/claude-code-linux-x64-musl-2.1.272.tgz",
      "integrity": "sha512-IeQVPCIUbD7EOk5o5FZQNJ7Om08+oDev5SlajdW3IuWMgqPhIg0etiYYMeHyuuNY0+/kpFiatxLdV7+HqPzWgw==",
      "dev": true,
      "optional": true
    },
    "@anthropic-ai/claude-code-win32-arm64": {
      "version": "2.1.272",
      "resolved": "https://registry.npmjs.org/@anthropic-ai/claude-code-win32-arm64/-/claude-code-win32-arm64-2.1.272.tgz",
      "integrity": "sha512-rA3f1OoVE3bAuzoIrNzyYilg1KXa1aRjt1N0xLL15mLap8Hz/vaLWFeendS3gxThbTWORTGU9FzXcEzhsCz4Cg==",
      "dev": true,
      "optional": true
    },
    "@anthropic-ai/claude-code-win32-x64": {
      "version": "2.1.272",
      "resolved": "https://registry.npmjs.org/@anthropic-ai/claude-code-win32-x64/-/claude-code-win32-x64-2.1.272.tgz",
      "integrity": "sha512-vIPhBSceF/crQSrLSlozGz+n52q8MOb3aqYc20h0mwoQ+5pWBkW6oyyq0vLANDUSduT2Z33PKkru2vl/KkoWGQ==",
      "dev": true,
      "optional": true
    },
    "prettier": {
      "version": "3.6.2",
      "resolved": "https://registry.npmjs.org/prettier/-/prettier-3.6.2.tgz",
      "integrity": "sha512-I7AIg5boAr5R0FFtJ6rCfD+LFsWHp81dolrFD8S79U9tb8Az2nGrJncnMSnys+bpQJfRUzqs9hnA81OAA3hCuQ==",
      "dev": true
    },
    "typescript": {
      "version": "5.9.3",
      "resolved": "https://registry.npmjs.org/typescript/-/typescript-5.9.3.tgz",
      "integrity": "sha512-jl1vZzPDinLr9eUt3J/t7V6FgNEw9QjvBPdysz9KfQDD41fQrC2Y4vKQdiaUpFT4bXlb1RHhLpp8wtm6M5TgSw==",
      "dev": true
    }
  }
}
